
Microsoft Visual Studio Solution File, Format Version 12.00
# Visual Studio 15
VisualStudioVersion = 15.0.27428.2015
MinimumVisualStudioVersion = 10.0.40219.1
Project("{FAE04EC0-301F-11D3-BF4B-00C04F79EFBC}") = "IntentServiceTest.Android", "IntentServiceTest\IntentServiceTest.Android\IntentServiceTest.Android.csproj", "{BD9AF38E-861A-4D49-A7F4-41E57F870A5A}"
EndProject
Project("{FAE04EC0-301F-11D3-BF4B-00C04F79EFBC}") = "IntentServiceTest", "IntentServiceTest\IntentServiceTest\IntentServiceTest.csproj", "{7C3BFBF5-D17D-4EF2-A6B9-D9461BCBAEE4}"
EndProject
Global
	GlobalSection(SolutionConfigurationPlatforms) = preSolution
		Debug|Any CPU = Debug|Any CPU
		Release|Any CPU = Release|Any CPU
	EndGlobalSection
	GlobalSection(ProjectConfigurationPlatforms) = postSolution
		{BD9AF38E-861A-4D49-A7F4-41E57F870A5A}.Debug|Any CPU.ActiveCfg = Debug|Any CPU
		{BD9AF38E-861A-4D49-A7F4-41E57F870A5A}.Debug|Any CPU.Build.0 = Debug|Any CPU
		{BD9AF38E-861A-4D49-A7F4-41E57F870A5A}.Debug|Any CPU.Deploy.0 = Debug|Any CPU
		{BD9AF38E-861A-4D49-A7F4-41E57F870A5A}.Release|Any CPU.ActiveCfg = Release|Any CPU
		{BD9AF38E-861A-4D49-A7F4-41E57F870A5A}.Release|Any CPU.Build.0 = Release|Any CPU
		{BD9AF38E-861A-4D49-A7F4-41E57F870A5A}.Release|Any CPU.Deploy.0 = Release|Any CPU
		{7C3BFBF5-D17D-4EF2-A6B9-D9461BCBAEE4}.Debug|Any CPU.ActiveCfg = Debug|Any CPU
		{7C3BFBF5-D17D-4EF2-A6B9-D9461BCBAEE4}.Debug|Any CPU.Build.0 = Debug|Any CPU
		{7C3BFBF5-D17D-4EF2-A6B9-D9461BCBAEE4}.Release|Any CPU.ActiveCfg = Release|Any CPU
		{7C3BFBF5-D17D-4EF2-A6B9-D9461BCBAEE4}.Release|Any CPU.Build.0 = Release|Any CPU
	EndGlobalSection
	GlobalSection(SolutionProperties) = preSolution
		HideSolutionNode = FALSE
	EndGlobalSection
	GlobalSection(ExtensibilityGlobals) = postSolution
		SolutionGuid = {030434D0-52D2-4C8A-99F6-74BB3F0D9E43}
	EndGlobalSection
EndGlobal
